
Microsoft Visual Studio Solution File, Format Version 12.00
# Visual Studio Version 17
VisualStudioVersion = 17.9.34714.143
MinimumVisualStudioVersion = 10.0.40219.1
Project("{FAE04EC0-301F-11D3-BF4B-00C04F79EFBC}") = "aula do youtube 01", "aula do youtube 01\aula do youtube 01.csproj", "{872825DB-37C5-46F2-82A8-C8DE180F4E6B}"
EndProject
Global
	GlobalSection(SolutionConfigurationPlatforms) = preSolution
		Debug|Any CPU = Debug|Any CPU
		Release|Any CPU = Release|Any CPU
	EndGlobalSection
	GlobalSection(ProjectConfigurationPlatforms) = postSolution
		{872825DB-37C5-46F2-82A8-C8DE180F4E6B}.Debug|Any CPU.ActiveCfg = Debug|Any CPU
		{872825DB-37C5-46F2-82A8-C8DE180F4E6B}.Debug|Any CPU.Build.0 = Debug|Any CPU
		{872825DB-37C5-46F2-82A8-C8DE180F4E6B}.Release|Any CPU.ActiveCfg = Release|Any CPU
		{872825DB-37C5-46F2-82A8-C8DE180F4E6B}.Release|Any CPU.Build.0 = Release|Any CPU
	EndGlobalSection
	GlobalSection(SolutionProperties) = preSolution
		HideSolutionNode = FALSE
	EndGlobalSection
	GlobalSection(ExtensibilityGlobals) = postSolution
		SolutionGuid = {0A57CB77-605F-4DB3-8C7E-FBA511E9D5CE}
	EndGlobalSection
EndGlobal
